// !$*UTF8*$!
{
	archiveVersion = 1;
	classes = {
	};
	objectVersion = 46;
	objects = {

/* Begin PBXBuildFile section */
		300008BB1D157274003B61C4 /* AppDelegate.swift in Sources */ = {isa = PBXBuildFile; fileRef = 300008BA1D157274003B61C4 /* AppDelegate.swift */; };
		300008BD1D157274003B61C4 /* ViewController.swift in Sources */ = {isa = PBXBuildFile; fileRef = 300008BC1D157274003B61C4 /* ViewController.swift */; };
		300008C01D157274003B61C4 /* Main.storyboard in Resources */ = {isa = PBXBuildFile; fileRef = 300008BE1D157274003B61C4 /* Main.storyboard */; };
		300008C21D157274003B61C4 /* Assets.xcassets in Resources */ = {isa = PBXBuildFile; fileRef = 300008C11D157274003B61C4 /* Assets.xcassets */; };
		300008C51D157274003B61C4 /* LaunchScreen.storyboard in Resources */ = {isa = PBXBuildFile; fileRef = 300008C31D157274003B61C4 /* LaunchScreen.storyboard */; };
/* End PBXBuildFile section */

/* Begin PBXFileReference section */
		300008B71D157274003B61C4 /* HelloITP.app */ = {isa = PBXFileReference; explicitFileType = wrapper.application; includeInIndex = 0; path = HelloITP.app; sourceTree = BUILT_PRODUCTS_DIR; };
		300008BA1D157274003B61C4 /* AppDelegate.swift */ = {isa = PBXFileReference; lastKnownFileType = sourcecode.swift; path = AppDelegate.swift; sourceTree = "<group>"; };
		300008BC1D157274003B61C4 /* ViewController.swift */ = {isa = PBXFileReference; lastKnownFileType = sourcecode.swift; path = ViewController.swift; sourceTree = "<group>"; };
		300008BF1D157274003B61C4 /* Base */ = {isa = PBXFileReference; lastKnownFileType = file.storyboard; name = Base; path = Base.lproj/Main.storyboard; sourceTree = "<group>"; };
		300008C11D157274003B61C4 /* Assets.xcassets */ = {isa = PBXFileReference; lastKnownFileType = folder.assetcatalog; path = Assets.xcassets; sourceTree = "<group>"; };
		300008C41D157274003B61C4 /* Base */ = {isa = PBXFileReference; lastKnownFileType = file.storyboard; name = Base; path = Base.lproj/LaunchScreen.storyboard; sourceTree = "<group>"; };
		300008C61D157274003B61C4 /* Info.plist */ = {isa = PBXFileReference; lastKnownFileType = text.plist.xml; path = Info.plist; sourceTree = "<group>"; };
/* End PBXFileReference section */

/* Begin PBXFrameworksBuildPhase section */
		300008B41D157274003B61C4 /* Frameworks */ = {
			isa = PBXFrameworksBuildPhase;
			buildActionMask = 2147483647;
			files = (
			);
			runOnlyForDeploymentPostprocessing = 0;
		};
/* End PBXFrameworksBuildPhase section */

/* Begin PBXGroup section */
		300008AE1D157274003B61C4 = {
			isa = PBXGroup;
			children = (
				300008B91D157274003B61C4 /* HelloITP */,
				300008B81D157274003B61C4 /* Products */,
			);
			sourceTree = "<group>";
		};
		300008B81D157274003B61C4 /* Products */ = {
			isa = PBXGroup;
			children = (
				300008B71D157274003B61C4 /* HelloITP.app */,
			);
			name = Products;
			sourceTree = "<group>";
		};
		300008B91D157274003B61C4 /* HelloITP */ = {
			isa = PBXGroup;
			children = (
				300008BA1D157274003B61C4 /* AppDelegate.swift */,
				300008BC1D157274003B61C4 /* ViewController.swift */,
				300008BE1D157274003B61C4 /* Main.storyboard */,
				300008C11D157274003B61C4 /* Assets.xcassets */,
				300008C31D157274003B61C4 /* LaunchScreen.storyboard */,
				300008C61D157274003B61C4 /* Info.plist */,
			);
			path = HelloITP;
			sourceTree = "<group>";
		};
/* End PBXGroup section */

/* Begin PBXNativeTarget section */
		300008B61D157274003B61C4 /* HelloITP */ = {
			isa = PBXNativeTarget;
			buildConfigurationList = 300008C91D157274003B61C4 /* Build configuration list for PBXNativeTarget "HelloITP" */;
			buildPhases = (
				300008B31D157274003B61C4 /* Sources */,
				300008B41D157274003B61C4 /* Frameworks */,
				300008B51D157274003B61C4 /* Resources */,
			);
			buildRules = (
			);
			dependencies = (
			);
			name = HelloITP;
			productName = HelloITP;
			productReference = 300008B71D157274003B61C4 /* HelloITP.app */;
			productType = "com.apple.product-type.application";
		};
/* End PBXNativeTarget section */

/* Begin PBXProject section */
		300008AF1D157274003B61C4 /* Project object */ = {
			isa = PBXProject;
			attributes = {
				LastSwiftUpdateCheck = 0730;
				LastUpgradeCheck = 0730;
				ORGANIZATIONNAME = "Lea Marolt Sonnenschein";
				TargetAttributes = {
					300008B61D157274003B61C4 = {
						CreatedOnToolsVersion = 7.3;
					};
				};
			};
			buildConfigurationList = 300008B21D157274003B61C4 /* Build configuration list for PBXProject "HelloITP" */;
			compatibilityVersion = "Xcode 3.2";
			developmentRegion = English;
			hasScannedForEncodings = 0;
			knownRegions = (
				en,
				Base,
			);
			mainGroup = 300008AE1D157274003B61C4;
			productRefGroup = 300008B81D157274003B61C4 /* Products */;
			projectDirPath = "";
			projectRoot = "";
			targets = (
				300008B61D157274003B61C4 /* HelloITP */,
			);
		};
/* End PBXProject section */

/* Begin PBXResourcesBuildPhase section */
		300008B51D157274003B61C4 /* Resources */ = {
			isa = PBXResourcesBuildPhase;
			buildActionMask = 2147483647;
			files = (
				300008C51D157274003B61C4 /* LaunchScreen.storyboard in Resources */,
				300008C21D157274003B61C4 /* Assets.xcassets in Resources */,
				300008C01D157274003B61C4 /* Main.storyboard in Resources */,
			);
			runOnlyForDeploymentPostprocessing = 0;
		};
/* End PBXResourcesBuildPhase section */

/* Begin PBXSourcesBuildPhase section */
		300008B31D157274003B61C4 /* Sources */ = {
			isa = PBXSourcesBuildPhase;
			buildActionMask = 2147483647;
			files = (
				300008BD1D157274003B61C4 /* ViewController.swift in Sources */,
				300008BB1D157274003B61C4 /* AppDelegate.swift in Sources */,
			);
			runOnlyForDeploymentPostprocessing = 0;
		};
/* End PBXSourcesBuildPhase section */

/* Begin PBXVariantGroup section */
		300008BE1D157274003B61C4 /* Main.storyboard */ = {
			isa = PBXVariantGroup;
			children = (
				300008BF1D157274003B61C4 /* Base */,
			);
			name = Main.storyboard;
			sourceTree = "<group>";
		};
		300008C31D157274003B61C4 /* LaunchScreen.storyboard */ = {
			isa = PBXVariantGroup;
			children = (
				300008C41D157274003B61C4 /* Base */,
			);
			name = LaunchScreen.storyboard;
			sourceTree = "<group>";
		};
/* End PBXVariantGroup section */

/* Begin XCBuildConfiguration section */
		300008C71D157274003B61C4 /* Debug */ = {
			isa = XCBuildConfiguration;
			buildSettings = {
				ALWAYS_SEARCH_USER_PATHS = NO;
				CLANG_ANALYZER_NONNULL = YES;
				CLANG_CXX_LANGUAGE_STANDARD = "gnu++0x";
				CLANG_CXX_LIBRARY = "libc++";
				CLANG_ENABLE_MODULES = YES;
				CLANG_ENABLE_OBJC_ARC = YES;
				CLANG_WARN_BOOL_CONVERSION = YES;
				CLANG_WARN_CONSTANT_CONVERSION = YES;
				CLANG_WARN_DIRECT_OBJC_ISA_USAGE = YES_ERROR;
				CLANG_WARN_EMPTY_BODY = YES;
				CLANG_WARN_ENUM_CONVERSION = YES;
				CLANG_WARN_INT_CONVERSION = YES;
				CLANG_WARN_OBJC_ROOT_CLASS = YES_ERROR;
				CLANG_WARN_UNREACHABLE_CODE = YES;
				CLANG_WARN__DUPLICATE_METHOD_MATCH = YES;
				"CODE_SIGN_IDENTITY[sdk=iphoneos*]" = "iPhone Developer";
				COPY_PHASE_STRIP = NO;
				DEBUG_INFORMATION_FORMAT = dwarf;
				ENABLE_STRICT_OBJC_MSGSEND = YES;
				ENABLE_TESTABILITY = YES;
				GCC_C_LANGUAGE_STANDARD = gnu99;
				GCC_DYNAMIC_NO_PIC = NO;
				GCC_NO_COMMON_BLOCKS = YES;
				GCC_OPTIMIZATION_LEVEL = 0;
				GCC_PREPROCESSOR_DEFINITIONS = (
					"DEBUG=1",
					"$(inherited)",
				);
				GCC_WARN_64_TO_32_BIT_CONVERSION = YES;
				GCC_WARN_ABOUT_RETURN_TYPE = YES_ERROR;
				GCC_WARN_UNDECLARED_SELECTOR = YES;
				GCC_WARN_UNINITIALIZED_AUTOS = YES_AGGRESSIVE;
				GCC_WARN_UNUSED_FUNCTION = YES;
				GCC_WARN_UNUSED_VARIABLE = YES;
				IPHONEOS_DEPLOYMENT_TARGET = 9.3;
				MTL_ENABLE_DEBUG_INFO = YES;
				ONLY_ACTIVE_ARCH = YES;
				SDKROOT = iphoneos;
				SWIFT_OPTIMIZATION_LEVEL = "-Onone";
				TARGETED_DEVICE_FAMILY = "1,2";
			};
			name = Debug;
		};
		300008C81D157274003B61C4 /* Release */ = {
			isa = XCBuildConfiguration;
			buildSettings = {
				ALWAYS_SEARCH_USER_PATHS = NO;
				CLANG_ANALYZER_NONNULL = YES;
				CLANG_CXX_LANGUAGE_STANDARD = "gnu++0x";
				CLANG_CXX_LIBRARY = "libc++";
				CLANG_ENABLE_MODULES = YES;
				CLANG_ENABLE_OBJC_ARC = YES;
				CLANG_WARN_BOOL_CONVERSION = YES;
				CLANG_WARN_CONSTANT_CONVERSION = YES;
				CLANG_WARN_DIRECT_OBJC_ISA_USAGE = YES_ERROR;
				CLANG_WARN_EMPTY_BODY = YES;
				CLANG_WARN_ENUM_CONVERSION = YES;
				CLANG_WARN_INT_CONVERSION = YES;
				CLANG_WARN_OBJC_ROOT_CLASS = YES_ERROR;
				CLANG_WARN_UNREACHABLE_CODE = YES;
				CLANG_WARN__DUPLICATE_METHOD_MATCH = YES;
				"CODE_SIGN_IDENTITY[sdk=iphoneos*]" = "iPhone Developer";
				COPY_PHASE_STRIP = NO;
				DEBUG_INFORMATION_FORMAT = "dwarf-with-dsym";
				ENABLE_NS_ASSERTIONS = NO;
				ENABLE_STRICT_OBJC_MSGSEND = YES;
				GCC_C_LANGUAGE_STANDARD = gnu99;
				GCC_NO_COMMON_BLOCKS = YES;
				GCC_WARN_64_TO_32_BIT_CONVERSION = YES;
				GCC_WARN_ABOUT_RETURN_TYPE = YES_ERROR;
				GCC_WARN_UNDECLARED_SELECTOR = YES;
				GCC_WARN_UNINITIALIZED_AUTOS = YES_AGGRESSIVE;
				GCC_WARN_UNUSED_FUNCTION = YES;
				GCC_WARN_UNUSED_VARIABLE = YES;
				IPHONEOS_DEPLOYMENT_TARGET = 9.3;
				MTL_ENABLE_DEBUG_INFO = NO;
				SDKROOT = iphoneos;
				TARGETED_DEVICE_FAMILY = "1,2";
				VALIDATE_PRODUCT = YES;
			};
			name = Release;
		};
		300008CA1D157274003B61C4 /* Debug */ = {
			isa = XCBuildConfiguration;
			buildSettings = {
				ASSETCATALOG_COMPILER_APPICON_NAME = AppIcon;
				INFOPLIST_FILE = HelloITP/Info.plist;
				LD_RUNPATH_SEARCH_PATHS = "$(inherited) @executable_path/Frameworks";
				PRODUCT_BUNDLE_IDENTIFIER = com.elemes.HelloITP;
				PRODUCT_NAME = "$(TARGET_NAME)";
			};
			name = Debug;
		};
		300008CB1D157274003B61C4 /* Release */ = {
			isa = XCBuildConfiguration;
			buildSettings = {
				ASSETCATALOG_COMPILER_APPICON_NAME = AppIcon;
				INFOPLIST_FILE = HelloITP/Info.plist;
				LD_RUNPATH_SEARCH_PATHS = "$(inherited) @executable_path/Frameworks";
				PRODUCT_BUNDLE_IDENTIFIER = com.elemes.HelloITP;
				PRODUCT_NAME = "$(TARGET_NAME)";
			};
			name = Release;
		};
/* End XCBuildConfiguration section */

/* Begin XCConfigurationList section */
		300008B21D157274003B61C4 /* Build configuration list for PBXProject "HelloITP" */ = {
			isa = XCConfigurationList;
			buildConfigurations = (
				300008C71D157274003B61C4 /* Debug */,
				300008C81D157274003B61C4 /* Release */,
			);
			defaultConfigurationIsVisible = 0;
			defaultConfigurationName = Release;
		};
		300008C91D157274003B61C4 /* Build configuration list for PBXNativeTarget "HelloITP" */ = {
			isa = XCConfigurationList;
			buildConfigurations = (
				300008CA1D157274003B61C4 /* Debug */,
				300008CB1D157274003B61C4 /* Release */,
			);
			defaultConfigurationIsVisible = 0;
		};
/* End XCConfigurationList section */
	};
	rootObject = 300008AF1D157274003B61C4 /* Project object */;
}
