// !$*UTF8*$!
{
	archiveVersion = 1;
	classes = {
	};
	objectVersion = 46;
	objects = {

/* Begin PBXBuildFile section */
		300009171D15A9F7003B61C4 /* AppDelegate.swift in Sources */ = {isa = PBXBuildFile; fileRef = 300009161D15A9F7003B61C4 /* AppDelegate.swift */; };
		300009191D15A9F7003B61C4 /* ViewController.swift in Sources */ = {isa = PBXBuildFile; fileRef = 300009181D15A9F7003B61C4 /* ViewController.swift */; };
		3000091C1D15A9F7003B61C4 /* Main.storyboard in Resources */ = {isa = PBXBuildFile; fileRef = 3000091A1D15A9F7003B61C4 /* Main.storyboard */; };
		3000091E1D15A9F7003B61C4 /* Assets.xcassets in Resources */ = {isa = PBXBuildFile; fileRef = 3000091D1D15A9F7003B61C4 /* Assets.xcassets */; };
		300009211D15A9F7003B61C4 /* LaunchScreen.storyboard in Resources */ = {isa = PBXBuildFile; fileRef = 3000091F1D15A9F7003B61C4 /* LaunchScreen.storyboard */; };
/* End PBXBuildFile section */

/* Begin PBXFileReference section */
		300009131D15A9F7003B61C4 /* NavigationStarter.app */ = {isa = PBXFileReference; explicitFileType = wrapper.application; includeInIndex = 0; path = NavigationStarter.app; sourceTree = BUILT_PRODUCTS_DIR; };
		300009161D15A9F7003B61C4 /* AppDelegate.swift */ = {isa = PBXFileReference; lastKnownFileType = sourcecode.swift; path = AppDelegate.swift; sourceTree = "<group>"; };
		300009181D15A9F7003B61C4 /* ViewController.swift */ = {isa = PBXFileReference; lastKnownFileType = sourcecode.swift; path = ViewController.swift; sourceTree = "<group>"; };
		3000091B1D15A9F7003B61C4 /* Base */ = {isa = PBXFileReference; lastKnownFileType = file.storyboard; name = Base; path = Base.lproj/Main.storyboard; sourceTree = "<group>"; };
		3000091D1D15A9F7003B61C4 /* Assets.xcassets */ = {isa = PBXFileReference; lastKnownFileType = folder.assetcatalog; path = Assets.xcassets; sourceTree = "<group>"; };
		300009201D15A9F7003B61C4 /* Base */ = {isa = PBXFileReference; lastKnownFileType = file.storyboard; name = Base; path = Base.lproj/LaunchScreen.storyboard; sourceTree = "<group>"; };
		300009221D15A9F7003B61C4 /* Info.plist */ = {isa = PBXFileReference; lastKnownFileType = text.plist.xml; path = Info.plist; sourceTree = "<group>"; };
/* End PBXFileReference section */

/* Begin PBXFrameworksBuildPhase section */
		300009101D15A9F7003B61C4 /* Frameworks */ = {
			isa = PBXFrameworksBuildPhase;
			buildActionMask = 2147483647;
			files = (
			);
			runOnlyForDeploymentPostprocessing = 0;
		};
/* End PBXFrameworksBuildPhase section */

/* Begin PBXGroup section */
		3000090A1D15A9F6003B61C4 = {
			isa = PBXGroup;
			children = (
				300009151D15A9F7003B61C4 /* NavigationStarter */,
				300009141D15A9F7003B61C4 /* Products */,
			);
			sourceTree = "<group>";
		};
		300009141D15A9F7003B61C4 /* Products */ = {
			isa = PBXGroup;
			children = (
				300009131D15A9F7003B61C4 /* NavigationStarter.app */,
			);
			name = Products;
			sourceTree = "<group>";
		};
		300009151D15A9F7003B61C4 /* NavigationStarter */ = {
			isa = PBXGroup;
			children = (
				300009161D15A9F7003B61C4 /* AppDelegate.swift */,
				300009181D15A9F7003B61C4 /* ViewController.swift */,
				3000091A1D15A9F7003B61C4 /* Main.storyboard */,
				3000091D1D15A9F7003B61C4 /* Assets.xcassets */,
				3000091F1D15A9F7003B61C4 /* LaunchScreen.storyboard */,
				300009221D15A9F7003B61C4 /* Info.plist */,
			);
			path = NavigationStarter;
			sourceTree = "<group>";
		};
/* End PBXGroup section */

/* Begin PBXNativeTarget section */
		300009121D15A9F7003B61C4 /* NavigationStarter */ = {
			isa = PBXNativeTarget;
			buildConfigurationList = 300009251D15A9F7003B61C4 /* Build configuration list for PBXNativeTarget "NavigationStarter" */;
			buildPhases = (
				3000090F1D15A9F7003B61C4 /* Sources */,
				300009101D15A9F7003B61C4 /* Frameworks */,
				300009111D15A9F7003B61C4 /* Resources */,
			);
			buildRules = (
			);
			dependencies = (
			);
			name = NavigationStarter;
			productName = NavigationStarter;
			productReference = 300009131D15A9F7003B61C4 /* NavigationStarter.app */;
			productType = "com.apple.product-type.application";
		};
/* End PBXNativeTarget section */

/* Begin PBXProject section */
		3000090B1D15A9F6003B61C4 /* Project object */ = {
			isa = PBXProject;
			attributes = {
				LastSwiftUpdateCheck = 0730;
				LastUpgradeCheck = 0730;
				ORGANIZATIONNAME = "Lea Marolt Sonnenschein";
				TargetAttributes = {
					300009121D15A9F7003B61C4 = {
						CreatedOnToolsVersion = 7.3;
					};
				};
			};
			buildConfigurationList = 3000090E1D15A9F6003B61C4 /* Build configuration list for PBXProject "NavigationStarter" */;
			compatibilityVersion = "Xcode 3.2";
			developmentRegion = English;
			hasScannedForEncodings = 0;
			knownRegions = (
				en,
				Base,
			);
			mainGroup = 3000090A1D15A9F6003B61C4;
			productRefGroup = 300009141D15A9F7003B61C4 /* Products */;
			projectDirPath = "";
			projectRoot = "";
			targets = (
				300009121D15A9F7003B61C4 /* NavigationStarter */,
			);
		};
/* End PBXProject section */

/* Begin PBXResourcesBuildPhase section */
		300009111D15A9F7003B61C4 /* Resources */ = {
			isa = PBXResourcesBuildPhase;
			buildActionMask = 2147483647;
			files = (
				300009211D15A9F7003B61C4 /* LaunchScreen.storyboard in Resources */,
				3000091E1D15A9F7003B61C4 /* Assets.xcassets in Resources */,
				3000091C1D15A9F7003B61C4 /* Main.storyboard in Resources */,
			);
			runOnlyForDeploymentPostprocessing = 0;
		};
/* End PBXResourcesBuildPhase section */

/* Begin PBXSourcesBuildPhase section */
		3000090F1D15A9F7003B61C4 /* Sources */ = {
			isa = PBXSourcesBuildPhase;
			buildActionMask = 2147483647;
			files = (
				300009191D15A9F7003B61C4 /* ViewController.swift in Sources */,
				300009171D15A9F7003B61C4 /* AppDelegate.swift in Sources */,
			);
			runOnlyForDeploymentPostprocessing = 0;
		};
/* End PBXSourcesBuildPhase section */

/* Begin PBXVariantGroup section */
		3000091A1D15A9F7003B61C4 /* Main.storyboard */ = {
			isa = PBXVariantGroup;
			children = (
				3000091B1D15A9F7003B61C4 /* Base */,
			);
			name = Main.storyboard;
			sourceTree = "<group>";
		};
		3000091F1D15A9F7003B61C4 /* LaunchScreen.storyboard */ = {
			isa = PBXVariantGroup;
			children = (
				300009201D15A9F7003B61C4 /* Base */,
			);
			name = LaunchScreen.storyboard;
			sourceTree = "<group>";
		};
/* End PBXVariantGroup section */

/* Begin XCBuildConfiguration section */
		300009231D15A9F7003B61C4 /* Debug */ = {
			isa = XCBuildConfiguration;
			buildSettings = {
				ALWAYS_SEARCH_USER_PATHS = NO;
				CLANG_ANALYZER_NONNULL = YES;
				CLANG_CXX_LANGUAGE_STANDARD = "gnu++0x";
				CLANG_CXX_LIBRARY = "libc++";
				CLANG_ENABLE_MODULES = YES;
				CLANG_ENABLE_OBJC_ARC = YES;
				CLANG_WARN_BOOL_CONVERSION = YES;
				CLANG_WARN_CONSTANT_CONVERSION = YES;
				CLANG_WARN_DIRECT_OBJC_ISA_USAGE = YES_ERROR;
				CLANG_WARN_EMPTY_BODY = YES;
				CLANG_WARN_ENUM_CONVERSION = YES;
				CLANG_WARN_INT_CONVERSION = YES;
				CLANG_WARN_OBJC_ROOT_CLASS = YES_ERROR;
				CLANG_WARN_UNREACHABLE_CODE = YES;
				CLANG_WARN__DUPLICATE_METHOD_MATCH = YES;
				"CODE_SIGN_IDENTITY[sdk=iphoneos*]" = "iPhone Developer";
				COPY_PHASE_STRIP = NO;
				DEBUG_INFORMATION_FORMAT = dwarf;
				ENABLE_STRICT_OBJC_MSGSEND = YES;
				ENABLE_TESTABILITY = YES;
				GCC_C_LANGUAGE_STANDARD = gnu99;
				GCC_DYNAMIC_NO_PIC = NO;
				GCC_NO_COMMON_BLOCKS = YES;
				GCC_OPTIMIZATION_LEVEL = 0;
				GCC_PREPROCESSOR_DEFINITIONS = (
					"DEBUG=1",
					"$(inherited)",
				);
				GCC_WARN_64_TO_32_BIT_CONVERSION = YES;
				GCC_WARN_ABOUT_RETURN_TYPE = YES_ERROR;
				GCC_WARN_UNDECLARED_SELECTOR = YES;
				GCC_WARN_UNINITIALIZED_AUTOS = YES_AGGRESSIVE;
				GCC_WARN_UNUSED_FUNCTION = YES;
				GCC_WARN_UNUSED_VARIABLE = YES;
				IPHONEOS_DEPLOYMENT_TARGET = 9.3;
				MTL_ENABLE_DEBUG_INFO = YES;
				ONLY_ACTIVE_ARCH = YES;
				SDKROOT = iphoneos;
				SWIFT_OPTIMIZATION_LEVEL = "-Onone";
				TARGETED_DEVICE_FAMILY = "1,2";
			};
			name = Debug;
		};
		300009241D15A9F7003B61C4 /* Release */ = {
			isa = XCBuildConfiguration;
			buildSettings = {
				ALWAYS_SEARCH_USER_PATHS = NO;
				CLANG_ANALYZER_NONNULL = YES;
				CLANG_CXX_LANGUAGE_STANDARD = "gnu++0x";
				CLANG_CXX_LIBRARY = "libc++";
				CLANG_ENABLE_MODULES = YES;
				CLANG_ENABLE_OBJC_ARC = YES;
				CLANG_WARN_BOOL_CONVERSION = YES;
				CLANG_WARN_CONSTANT_CONVERSION = YES;
				CLANG_WARN_DIRECT_OBJC_ISA_USAGE = YES_ERROR;
				CLANG_WARN_EMPTY_BODY = YES;
				CLANG_WARN_ENUM_CONVERSION = YES;
				CLANG_WARN_INT_CONVERSION = YES;
				CLANG_WARN_OBJC_ROOT_CLASS = YES_ERROR;
				CLANG_WARN_UNREACHABLE_CODE = YES;
				CLANG_WARN__DUPLICATE_METHOD_MATCH = YES;
				"CODE_SIGN_IDENTITY[sdk=iphoneos*]" = "iPhone Developer";
				COPY_PHASE_STRIP = NO;
				DEBUG_INFORMATION_FORMAT = "dwarf-with-dsym";
				ENABLE_NS_ASSERTIONS = NO;
				ENABLE_STRICT_OBJC_MSGSEND = YES;
				GCC_C_LANGUAGE_STANDARD = gnu99;
				GCC_NO_COMMON_BLOCKS = YES;
				GCC_WARN_64_TO_32_BIT_CONVERSION = YES;
				GCC_WARN_ABOUT_RETURN_TYPE = YES_ERROR;
				GCC_WARN_UNDECLARED_SELECTOR = YES;
				GCC_WARN_UNINITIALIZED_AUTOS = YES_AGGRESSIVE;
				GCC_WARN_UNUSED_FUNCTION = YES;
				GCC_WARN_UNUSED_VARIABLE = YES;
				IPHONEOS_DEPLOYMENT_TARGET = 9.3;
				MTL_ENABLE_DEBUG_INFO = NO;
				SDKROOT = iphoneos;
				TARGETED_DEVICE_FAMILY = "1,2";
				VALIDATE_PRODUCT = YES;
			};
			name = Release;
		};
		300009261D15A9F7003B61C4 /* Debug */ = {
			isa = XCBuildConfiguration;
			buildSettings = {
				ASSETCATALOG_COMPILER_APPICON_NAME = AppIcon;
				INFOPLIST_FILE = NavigationStarter/Info.plist;
				LD_RUNPATH_SEARCH_PATHS = "$(inherited) @executable_path/Frameworks";
				PRODUCT_BUNDLE_IDENTIFIER = com.elemes.NavigationStarter;
				PRODUCT_NAME = "$(TARGET_NAME)";
			};
			name = Debug;
		};
		300009271D15A9F7003B61C4 /* Release */ = {
			isa = XCBuildConfiguration;
			buildSettings = {
				ASSETCATALOG_COMPILER_APPICON_NAME = AppIcon;
				INFOPLIST_FILE = NavigationStarter/Info.plist;
				LD_RUNPATH_SEARCH_PATHS = "$(inherited) @executable_path/Frameworks";
				PRODUCT_BUNDLE_IDENTIFIER = com.elemes.NavigationStarter;
				PRODUCT_NAME = "$(TARGET_NAME)";
			};
			name = Release;
		};
/* End XCBuildConfiguration section */

/* Begin XCConfigurationList section */
		3000090E1D15A9F6003B61C4 /* Build configuration list for PBXProject "NavigationStarter" */ = {
			isa = XCConfigurationList;
			buildConfigurations = (
				300009231D15A9F7003B61C4 /* Debug */,
				300009241D15A9F7003B61C4 /* Release */,
			);
			defaultConfigurationIsVisible = 0;
			defaultConfigurationName = Release;
		};
		300009251D15A9F7003B61C4 /* Build configuration list for PBXNativeTarget "NavigationStarter" */ = {
			isa = XCConfigurationList;
			buildConfigurations = (
				300009261D15A9F7003B61C4 /* Debug */,
				300009271D15A9F7003B61C4 /* Release */,
			);
			defaultConfigurationIsVisible = 0;
		};
/* End XCConfigurationList section */
	};
	rootObject = 3000090B1D15A9F6003B61C4 /* Project object */;
}
